PODS:
  - Alamofire (5.6.4)
  - Cosmos (23.0.0)
  - NVActivityIndicatorView (5.1.1):
    - NVActivityIndicatorView/Base (= 5.1.1)
  - NVActivityIndicatorView/Base (5.1.1)
  - SDWebImage (5.15.5):
    - SDWebImage/Core (= 5.15.5)
  - SDWebImage/Core (5.15.5)

DEPENDENCIES:
  - Alamofire
  - Cosmos
  - NVActivityIndicatorView
  - SDWebImage

SPEC REPOS:
  trunk:
    - Alamofire
    - Cosmos
    - NVActivityIndicatorView
    - SDWebImage

SPEC CHECKSUMS:
  Alamofire: 4e95d97098eacb88856099c4fc79b526a299e48c
  Cosmos: b5c6a9a637e28a061b54c8f8b1d8529d7d4db73f
  NVActivityIndicatorView: 1f6c5687f1171810aa27a3296814dc2d7dec3667
  SDWebImage: fd7e1a22f00303e058058278639bf6196ee431fe

PODFILE CHECKSUM: 9e1a6650e5950493b97a0cf7c2fd164a5b65ab27

COCOAPODS: 1.12.0
